// !$*UTF8*$!
{
	archiveVersion = 1;
	classes = {
	};
	objectVersion = 56;
	objects = {

/* Begin PBXBuildFile section */
		83EC07F72C6B7F7300836DDF /* TestIOSApp.swift in Sources */ = {isa = PBXBuildFile; fileRef = 83EC07F62C6B7F7300836DDF /* TestIOSApp.swift */; };
		83EC07F92C6B7F7300836DDF /* ContentView.swift in Sources */ = {isa = PBXBuildFile; fileRef = 83EC07F82C6B7F7300836DDF /* ContentView.swift */; };
		83EC07FB2C6B7F7400836DDF /* AppIcon.xcassets in Resources */ = {isa = PBXBuildFile; fileRef = 83EC07FA2C6B7F7400836DDF /* AppIcon.xcassets */; };
		83EC07FE2C6B7F7400836DDF /* Preview Assets.xcassets in Resources */ = {isa = PBXBuildFile; fileRef = 83EC07FD2C6B7F7400836DDF /* Preview Assets.xcassets */; };
		83EC08052C6B91F700836DDF /* .gitignore in Resources */ = {isa = PBXBuildFile; fileRef = 83EC08042C6B91F700836DDF /* .gitignore */; };
		83EC08072C6B923C00836DDF /* README.md in Resources */ = {isa = PBXBuildFile; fileRef = 83EC08062C6B923C00836DDF /* README.md */; };
		83EC08112C6CAF1100836DDF /* Localizable.xcstrings in Resources */ = {isa = PBXBuildFile; fileRef = 83EC08102C6CAF1100836DDF /* Localizable.xcstrings */; };
		83EC08152C6CC91100836DDF /* APIError.swift in Sources */ = {isa = PBXBuildFile; fileRef = 83EC08142C6CC91100836DDF /* APIError.swift */; };
		83EC081A2C6CC98B00836DDF /* APIRequest.swift in Sources */ = {isa = PBXBuildFile; fileRef = 83EC08162C6CC98B00836DDF /* APIRequest.swift */; };
		83EC081B2C6CC98B00836DDF /* Auth.swift in Sources */ = {isa = PBXBuildFile; fileRef = 83EC08172C6CC98B00836DDF /* Auth.swift */; };
		83EC081C2C6CC98B00836DDF /* NetworkMonitor.swift in Sources */ = {isa = PBXBuildFile; fileRef = 83EC08182C6CC98B00836DDF /* NetworkMonitor.swift */; };
		83EC081D2C6CC98B00836DDF /* Config.swift in Sources */ = {isa = PBXBuildFile; fileRef = 83EC08192C6CC98B00836DDF /* Config.swift */; };
		83EC084A2C6CCA5700836DDF /* LabelToastModel.swift in Sources */ = {isa = PBXBuildFile; fileRef = 83EC081E2C6CCA5700836DDF /* LabelToastModel.swift */; };
		83EC084B2C6CCA5700836DDF /* LabelValueModel.swift in Sources */ = {isa = PBXBuildFile; fileRef = 83EC081F2C6CCA5700836DDF /* LabelValueModel.swift */; };
		83EC084C2C6CCA5700836DDF /* Toast.swift in Sources */ = {isa = PBXBuildFile; fileRef = 83EC08212C6CCA5700836DDF /* Toast.swift */; };
		83EC084D2C6CCA5700836DDF /* ToastModifier.swift in Sources */ = {isa = PBXBuildFile; fileRef = 83EC08222C6CCA5700836DDF /* ToastModifier.swift */; };
		83EC084E2C6CCA5700836DDF /* ToastStyle.swift in Sources */ = {isa = PBXBuildFile; fileRef = 83EC08232C6CCA5700836DDF /* ToastStyle.swift */; };
		83EC084F2C6CCA5700836DDF /* ToastView.swift in Sources */ = {isa = PBXBuildFile; fileRef = 83EC08242C6CCA5700836DDF /* ToastView.swift */; };
		83EC08502C6CCA5700836DDF /* View.swift in Sources */ = {isa = PBXBuildFile; fileRef = 83EC08252C6CCA5700836DDF /* View.swift */; };
		83EC08512C6CCA5700836DDF /* CustomButton.swift in Sources */ = {isa = PBXBuildFile; fileRef = 83EC08272C6CCA5700836DDF /* CustomButton.swift */; };
		83EC08522C6CCA5700836DDF /* RoundedStroke.swift in Sources */ = {isa = PBXBuildFile; fileRef = 83EC08282C6CCA5700836DDF /* RoundedStroke.swift */; };
		83EC08532C6CCA5700836DDF /* HomeScreen.swift in Sources */ = {isa = PBXBuildFile; fileRef = 83EC082B2C6CCA5700836DDF /* HomeScreen.swift */; };
		83EC08542C6CCA5700836DDF /* HomeViewModel.swift in Sources */ = {isa = PBXBuildFile; fileRef = 83EC082D2C6CCA5700836DDF /* HomeViewModel.swift */; };
		83EC08552C6CCA5700836DDF /* LoginAction.swift in Sources */ = {isa = PBXBuildFile; fileRef = 83EC08302C6CCA5700836DDF /* LoginAction.swift */; };
		83EC08562C6CCA5700836DDF /* RegisterAction.swift in Sources */ = {isa = PBXBuildFile; fileRef = 83EC08312C6CCA5700836DDF /* RegisterAction.swift */; };
		83EC08572C6CCA5700836DDF /* LoginRequest.swift in Sources */ = {isa = PBXBuildFile; fileRef = 83EC08332C6CCA5700836DDF /* LoginRequest.swift */; };
		83EC08582C6CCA5700836DDF /* LoginResponse.swift in Sources */ = {isa = PBXBuildFile; fileRef = 83EC08342C6CCA5700836DDF /* LoginResponse.swift */; };
		83EC08592C6CCA5700836DDF /* RegisterRequest.swift in Sources */ = {isa = PBXBuildFile; fileRef = 83EC08352C6CCA5700836DDF /* RegisterRequest.swift */; };
		83EC085A2C6CCA5700836DDF /* RegisterResponse.swift in Sources */ = {isa = PBXBuildFile; fileRef = 83EC08362C6CCA5700836DDF /* RegisterResponse.swift */; };
		83EC085B2C6CCA5700836DDF /* LoginScreen.swift in Sources */ = {isa = PBXBuildFile; fileRef = 83EC08382C6CCA5700836DDF /* LoginScreen.swift */; };
		83EC085C2C6CCA5700836DDF /* LoginViewModel.swift in Sources */ = {isa = PBXBuildFile; fileRef = 83EC083A2C6CCA5700836DDF /* LoginViewModel.swift */; };
		83EC085D2C6CCA5700836DDF /* RootScreen.swift in Sources */ = {isa = PBXBuildFile; fileRef = 83EC083D2C6CCA5700836DDF /* RootScreen.swift */; };
		83EC085E2C6CCA5700836DDF /* TabsView.swift in Sources */ = {isa = PBXBuildFile; fileRef = 83EC083F2C6CCA5700836DDF /* TabsView.swift */; };
		83EC085F2C6CCA5700836DDF /* UserData.swift in Sources */ = {isa = PBXBuildFile; fileRef = 83EC08422C6CCA5700836DDF /* UserData.swift */; };
		83EC08602C6CCA5700836DDF /* SettingsScreen.swift in Sources */ = {isa = PBXBuildFile; fileRef = 83EC08442C6CCA5700836DDF /* SettingsScreen.swift */; };
		83EC08612C6CCA5700836DDF /* SettingsViewModel.swift in Sources */ = {isa = PBXBuildFile; fileRef = 83EC08462C6CCA5700836DDF /* SettingsViewModel.swift */; };
		83EC08632C6CCDDE00836DDF /* .swiftlint.yml in Resources */ = {isa = PBXBuildFile; fileRef = 83EC08622C6CCDDE00836DDF /* .swiftlint.yml */; };
		AC4948E8CBFDE1008687E7B4 /* Pods_TestIOS.framework in Frameworks */ = {isa = PBXBuildFile; fileRef = 302A32466B0FA2A7429FA201 /* Pods_TestIOS.framework */; };
/* End PBXBuildFile section */

/* Begin PBXFileReference section */
		302A32466B0FA2A7429FA201 /* Pods_TestIOS.framework */ = {isa = PBXFileReference; explicitFileType = wrapper.framework; includeInIndex = 0; path = Pods_TestIOS.framework; sourceTree = BUILT_PRODUCTS_DIR; };
		727605E7E1C5FA70A9277DA7 /* Pods-TestIOS.debug.xcconfig */ = {isa = PBXFileReference; includeInIndex = 1; lastKnownFileType = text.xcconfig; name = "Pods-TestIOS.debug.xcconfig"; path = "Target Support Files/Pods-TestIOS/Pods-TestIOS.debug.xcconfig"; sourceTree = "<group>"; };
		83EC07F32C6B7F7300836DDF /* TestIOS.app */ = {isa = PBXFileReference; explicitFileType = wrapper.application; includeInIndex = 0; path = TestIOS.app; sourceTree = BUILT_PRODUCTS_DIR; };
		83EC07F62C6B7F7300836DDF /* TestIOSApp.swift */ = {isa = PBXFileReference; lastKnownFileType = sourcecode.swift; path = TestIOSApp.swift; sourceTree = "<group>"; };
		83EC07F82C6B7F7300836DDF /* ContentView.swift */ = {isa = PBXFileReference; lastKnownFileType = sourcecode.swift; path = ContentView.swift; sourceTree = "<group>"; };
		83EC07FA2C6B7F7400836DDF /* AppIcon.xcassets */ = {isa = PBXFileReference; lastKnownFileType = folder.assetcatalog; path = AppIcon.xcassets; sourceTree = "<group>"; };
		83EC07FD2C6B7F7400836DDF /* Preview Assets.xcassets */ = {isa = PBXFileReference; lastKnownFileType = folder.assetcatalog; path = "Preview Assets.xcassets"; sourceTree = "<group>"; };
		83EC08042C6B91F700836DDF /* .gitignore */ = {isa = PBXFileReference; lastKnownFileType = text; path = .gitignore; sourceTree = "<group>"; };
		83EC08062C6B923C00836DDF /* README.md */ = {isa = PBXFileReference; lastKnownFileType = net.daringfireball.markdown; path = README.md; sourceTree = "<group>"; };
		83EC080D2C6CA50600836DDF /* debug-config.xcconfig */ = {isa = PBXFileReference; lastKnownFileType = text.xcconfig; path = "debug-config.xcconfig"; sourceTree = "<group>"; };
		83EC080E2C6CA51A00836DDF /* release-config.xcconfig */ = {isa = PBXFileReference; lastKnownFileType = text.xcconfig; path = "release-config.xcconfig"; sourceTree = "<group>"; };
		83EC08102C6CAF1100836DDF /* Localizable.xcstrings */ = {isa = PBXFileReference; lastKnownFileType = text.json.xcstrings; path = Localizable.xcstrings; sourceTree = "<group>"; };
		83EC08122C6CBC4700836DDF /* Info.plist */ = {isa = PBXFileReference; lastKnownFileType = text.plist; path = Info.plist; sourceTree = "<group>"; };
		83EC08142C6CC91100836DDF /* APIError.swift */ = {isa = PBXFileReference; lastKnownFileType = sourcecode.swift; path = APIError.swift; sourceTree = "<group>"; };
		83EC08162C6CC98B00836DDF /* APIRequest.swift */ = {isa = PBXFileReference; fileEncoding = 4; lastKnownFileType = sourcecode.swift; path = APIRequest.swift; sourceTree = "<group>"; };
		83EC08172C6CC98B00836DDF /* Auth.swift */ = {isa = PBXFileReference; fileEncoding = 4; lastKnownFileType = sourcecode.swift; path = Auth.swift; sourceTree = "<group>"; };
		83EC08182C6CC98B00836DDF /* NetworkMonitor.swift */ = {isa = PBXFileReference; fileEncoding = 4; lastKnownFileType = sourcecode.swift; path = NetworkMonitor.swift; sourceTree = "<group>"; };
		83EC08192C6CC98B00836DDF /* Config.swift */ = {isa = PBXFileReference; fileEncoding = 4; lastKnownFileType = sourcecode.swift; path = Config.swift; sourceTree = "<group>"; };
		83EC081E2C6CCA5700836DDF /* LabelToastModel.swift */ = {isa = PBXFileReference; fileEncoding = 4; lastKnownFileType = sourcecode.swift; path = LabelToastModel.swift; sourceTree = "<group>"; };
		83EC081F2C6CCA5700836DDF /* LabelValueModel.swift */ = {isa = PBXFileReference; fileEncoding = 4; lastKnownFileType = sourcecode.swift; path = LabelValueModel.swift; sourceTree = "<group>"; };
		83EC08212C6CCA5700836DDF /* Toast.swift */ = {isa = PBXFileReference; fileEncoding = 4; lastKnownFileType = sourcecode.swift; path = Toast.swift; sourceTree = "<group>"; };
		83EC08222C6CCA5700836DDF /* ToastModifier.swift */ = {isa = PBXFileReference; fileEncoding = 4; lastKnownFileType = sourcecode.swift; path = ToastModifier.swift; sourceTree = "<group>"; };
		83EC08232C6CCA5700836DDF /* ToastStyle.swift */ = {isa = PBXFileReference; fileEncoding = 4; lastKnownFileType = sourcecode.swift; path = ToastStyle.swift; sourceTree = "<group>"; };
		83EC08242C6CCA5700836DDF /* ToastView.swift */ = {isa = PBXFileReference; fileEncoding = 4; lastKnownFileType = sourcecode.swift; path = ToastView.swift; sourceTree = "<group>"; };
		83EC08252C6CCA5700836DDF /* View.swift */ = {isa = PBXFileReference; fileEncoding = 4; lastKnownFileType = sourcecode.swift; path = View.swift; sourceTree = "<group>"; };
		83EC08272C6CCA5700836DDF /* CustomButton.swift */ = {isa = PBXFileReference; fileEncoding = 4; lastKnownFileType = sourcecode.swift; path = CustomButton.swift; sourceTree = "<group>"; };
		83EC08282C6CCA5700836DDF /* RoundedStroke.swift */ = {isa = PBXFileReference; fileEncoding = 4; lastKnownFileType = sourcecode.swift; path = RoundedStroke.swift; sourceTree = "<group>"; };
		83EC082B2C6CCA5700836DDF /* HomeScreen.swift */ = {isa = PBXFileReference; fileEncoding = 4; lastKnownFileType = sourcecode.swift; path = HomeScreen.swift; sourceTree = "<group>"; };
		83EC082D2C6CCA5700836DDF /* HomeViewModel.swift */ = {isa = PBXFileReference; fileEncoding = 4; lastKnownFileType = sourcecode.swift; path = HomeViewModel.swift; sourceTree = "<group>"; };
		83EC08302C6CCA5700836DDF /* LoginAction.swift */ = {isa = PBXFileReference; fileEncoding = 4; lastKnownFileType = sourcecode.swift; path = LoginAction.swift; sourceTree = "<group>"; };
		83EC08312C6CCA5700836DDF /* RegisterAction.swift */ = {isa = PBXFileReference; fileEncoding = 4; lastKnownFileType = sourcecode.swift; path = RegisterAction.swift; sourceTree = "<group>"; };
		83EC08332C6CCA5700836DDF /* LoginRequest.swift */ = {isa = PBXFileReference; fileEncoding = 4; lastKnownFileType = sourcecode.swift; path = LoginRequest.swift; sourceTree = "<group>"; };
		83EC08342C6CCA5700836DDF /* LoginResponse.swift */ = {isa = PBXFileReference; fileEncoding = 4; lastKnownFileType = sourcecode.swift; path = LoginResponse.swift; sourceTree = "<group>"; };
		83EC08352C6CCA5700836DDF /* RegisterRequest.swift */ = {isa = PBXFileReference; fileEncoding = 4; lastKnownFileType = sourcecode.swift; path = RegisterRequest.swift; sourceTree = "<group>"; };
		83EC08362C6CCA5700836DDF /* RegisterResponse.swift */ = {isa = PBXFileReference; fileEncoding = 4; lastKnownFileType = sourcecode.swift; path = RegisterResponse.swift; sourceTree = "<group>"; };
		83EC08382C6CCA5700836DDF /* LoginScreen.swift */ = {isa = PBXFileReference; fileEncoding = 4; lastKnownFileType = sourcecode.swift; path = LoginScreen.swift; sourceTree = "<group>"; };
		83EC083A2C6CCA5700836DDF /* LoginViewModel.swift */ = {isa = PBXFileReference; fileEncoding = 4; lastKnownFileType = sourcecode.swift; path = LoginViewModel.swift; sourceTree = "<group>"; };
		83EC083D2C6CCA5700836DDF /* RootScreen.swift */ = {isa = PBXFileReference; fileEncoding = 4; lastKnownFileType = sourcecode.swift; path = RootScreen.swift; sourceTree = "<group>"; };
		83EC083F2C6CCA5700836DDF /* TabsView.swift */ = {isa = PBXFileReference; fileEncoding = 4; lastKnownFileType = sourcecode.swift; path = TabsView.swift; sourceTree = "<group>"; };
		83EC08422C6CCA5700836DDF /* UserData.swift */ = {isa = PBXFileReference; fileEncoding = 4; lastKnownFileType = sourcecode.swift; path = UserData.swift; sourceTree = "<group>"; };
		83EC08442C6CCA5700836DDF /* SettingsScreen.swift */ = {isa = PBXFileReference; fileEncoding = 4; lastKnownFileType = sourcecode.swift; path = SettingsScreen.swift; sourceTree = "<group>"; };
		83EC08462C6CCA5700836DDF /* SettingsViewModel.swift */ = {isa = PBXFileReference; fileEncoding = 4; lastKnownFileType = sourcecode.swift; path = SettingsViewModel.swift; sourceTree = "<group>"; };
		83EC08622C6CCDDE00836DDF /* .swiftlint.yml */ = {isa = PBXFileReference; lastKnownFileType = text.yaml; path = .swiftlint.yml; sourceTree = "<group>"; };
		EC346BE5AA80DE92ABBF1D8C /* Pods-TestIOS.release.xcconfig */ = {isa = PBXFileReference; includeInIndex = 1; lastKnownFileType = text.xcconfig; name = "Pods-TestIOS.release.xcconfig"; path = "Target Support Files/Pods-TestIOS/Pods-TestIOS.release.xcconfig"; sourceTree = "<group>"; };
/* End PBXFileReference section */

/* Begin PBXFrameworksBuildPhase section */
		83EC07F02C6B7F7300836DDF /* Frameworks */ = {
			isa = PBXFrameworksBuildPhase;
			buildActionMask = 2147483647;
			files = (
				AC4948E8CBFDE1008687E7B4 /* Pods_TestIOS.framework in Frameworks */,
			);
			runOnlyForDeploymentPostprocessing = 0;
		};
/* End PBXFrameworksBuildPhase section */

/* Begin PBXGroup section */
		83EC07EA2C6B7F7300836DDF = {
			isa = PBXGroup;
			children = (
				83EC08062C6B923C00836DDF /* README.md */,
				83EC08042C6B91F700836DDF /* .gitignore */,
				83EC07F52C6B7F7300836DDF /* TestIOS */,
				83EC07F42C6B7F7300836DDF /* Products */,
				E70B5B8982F3E465FCFB55FF /* Pods */,
				852F8A41F1083075A09D1E90 /* Frameworks */,
			);
			sourceTree = "<group>";
		};
		83EC07F42C6B7F7300836DDF /* Products */ = {
			isa = PBXGroup;
			children = (
				83EC07F32C6B7F7300836DDF /* TestIOS.app */,
			);
			name = Products;
			sourceTree = "<group>";
		};
		83EC07F52C6B7F7300836DDF /* TestIOS */ = {
			isa = PBXGroup;
			children = (
				83EC08492C6CCA5700836DDF /* Code */,
				83EC08122C6CBC4700836DDF /* Info.plist */,
				83EC080C2C6CA4D500836DDF /* Config */,
				83EC080B2C6CA43700836DDF /* SupportingFiles */,
				83EC07FA2C6B7F7400836DDF /* AppIcon.xcassets */,
				83EC07FC2C6B7F7400836DDF /* Preview Content */,
			);
			path = TestIOS;
			sourceTree = "<group>";
		};
		83EC07FC2C6B7F7400836DDF /* Preview Content */ = {
			isa = PBXGroup;
			children = (
				83EC07FD2C6B7F7400836DDF /* Preview Assets.xcassets */,
			);
			path = "Preview Content";
			sourceTree = "<group>";
		};
		83EC080B2C6CA43700836DDF /* SupportingFiles */ = {
			isa = PBXGroup;
			children = (
				83EC08132C6CC61300836DDF /* Utilities */,
				83EC080F2C6CAEDF00836DDF /* Localization */,
				83EC07F62C6B7F7300836DDF /* TestIOSApp.swift */,
				83EC07F82C6B7F7300836DDF /* ContentView.swift */,
			);
			path = SupportingFiles;
			sourceTree = "<group>";
		};
		83EC080C2C6CA4D500836DDF /* Config */ = {
			isa = PBXGroup;
			children = (
				83EC080D2C6CA50600836DDF /* debug-config.xcconfig */,
				83EC080E2C6CA51A00836DDF /* release-config.xcconfig */,
				83EC08622C6CCDDE00836DDF /* .swiftlint.yml */,
			);
			path = Config;
			sourceTree = "<group>";
		};
		83EC080F2C6CAEDF00836DDF /* Localization */ = {
			isa = PBXGroup;
			children = (
				83EC08102C6CAF1100836DDF /* Localizable.xcstrings */,
			);
			path = Localization;
			sourceTree = "<group>";
		};
		83EC08132C6CC61300836DDF /* Utilities */ = {
			isa = PBXGroup;
			children = (
				83EC08142C6CC91100836DDF /* APIError.swift */,
				83EC08162C6CC98B00836DDF /* APIRequest.swift */,
				83EC08172C6CC98B00836DDF /* Auth.swift */,
				83EC08192C6CC98B00836DDF /* Config.swift */,
				83EC08182C6CC98B00836DDF /* NetworkMonitor.swift */,
			);
			path = Utilities;
			sourceTree = "<group>";
		};
		83EC08202C6CCA5700836DDF /* Models */ = {
			isa = PBXGroup;
			children = (
				83EC081E2C6CCA5700836DDF /* LabelToastModel.swift */,
				83EC081F2C6CCA5700836DDF /* LabelValueModel.swift */,
			);
			path = Models;
			sourceTree = "<group>";
		};
		83EC08262C6CCA5700836DDF /* Toast */ = {
			isa = PBXGroup;
			children = (
				83EC08212C6CCA5700836DDF /* Toast.swift */,
				83EC08222C6CCA5700836DDF /* ToastModifier.swift */,
				83EC08232C6CCA5700836DDF /* ToastStyle.swift */,
				83EC08242C6CCA5700836DDF /* ToastView.swift */,
				83EC08252C6CCA5700836DDF /* View.swift */,
			);
			path = Toast;
			sourceTree = "<group>";
		};
		83EC08292C6CCA5700836DDF /* ViewModifiers */ = {
			isa = PBXGroup;
			children = (
				83EC08272C6CCA5700836DDF /* CustomButton.swift */,
				83EC08282C6CCA5700836DDF /* RoundedStroke.swift */,
			);
			path = ViewModifiers;
			sourceTree = "<group>";
		};
		83EC082A2C6CCA5700836DDF /* Common */ = {
			isa = PBXGroup;
			children = (
				83EC08202C6CCA5700836DDF /* Models */,
				83EC08262C6CCA5700836DDF /* Toast */,
				83EC08292C6CCA5700836DDF /* ViewModifiers */,
			);
			path = Common;
			sourceTree = "<group>";
		};
		83EC082C2C6CCA5700836DDF /* Screens */ = {
			isa = PBXGroup;
			children = (
				83EC082B2C6CCA5700836DDF /* HomeScreen.swift */,
			);
			path = Screens;
			sourceTree = "<group>";
		};
		83EC082E2C6CCA5700836DDF /* ViewModels */ = {
			isa = PBXGroup;
			children = (
				83EC082D2C6CCA5700836DDF /* HomeViewModel.swift */,
			);
			path = ViewModels;
			sourceTree = "<group>";
		};
		83EC082F2C6CCA5700836DDF /* Home */ = {
			isa = PBXGroup;
			children = (
				83EC082C2C6CCA5700836DDF /* Screens */,
				83EC082E2C6CCA5700836DDF /* ViewModels */,
			);
			path = Home;
			sourceTree = "<group>";
		};
		83EC08322C6CCA5700836DDF /* Actions */ = {
			isa = PBXGroup;
			children = (
				83EC08302C6CCA5700836DDF /* LoginAction.swift */,
				83EC08312C6CCA5700836DDF /* RegisterAction.swift */,
			);
			path = Actions;
			sourceTree = "<group>";
		};
		83EC08372C6CCA5700836DDF /* Models */ = {
			isa = PBXGroup;
			children = (
				83EC08332C6CCA5700836DDF /* LoginRequest.swift */,
				83EC08342C6CCA5700836DDF /* LoginResponse.swift */,
				83EC08352C6CCA5700836DDF /* RegisterRequest.swift */,
				83EC08362C6CCA5700836DDF /* RegisterResponse.swift */,
			);
			path = Models;
			sourceTree = "<group>";
		};
		83EC08392C6CCA5700836DDF /* Screens */ = {
			isa = PBXGroup;
			children = (
				83EC08382C6CCA5700836DDF /* LoginScreen.swift */,
			);
			path = Screens;
			sourceTree = "<group>";
		};
		83EC083B2C6CCA5700836DDF /* ViewModels */ = {
			isa = PBXGroup;
			children = (
				83EC083A2C6CCA5700836DDF /* LoginViewModel.swift */,
			);
			path = ViewModels;
			sourceTree = "<group>";
		};
		83EC083C2C6CCA5700836DDF /* Login */ = {
			isa = PBXGroup;
			children = (
				83EC08322C6CCA5700836DDF /* Actions */,
				83EC08372C6CCA5700836DDF /* Models */,
				83EC08392C6CCA5700836DDF /* Screens */,
				83EC083B2C6CCA5700836DDF /* ViewModels */,
			);
			path = Login;
			sourceTree = "<group>";
		};
		83EC083E2C6CCA5700836DDF /* Screens */ = {
			isa = PBXGroup;
			children = (
				83EC083D2C6CCA5700836DDF /* RootScreen.swift */,
			);
			path = Screens;
			sourceTree = "<group>";
		};
		83EC08402C6CCA5700836DDF /* Tabs */ = {
			isa = PBXGroup;
			children = (
				83EC083F2C6CCA5700836DDF /* TabsView.swift */,
			);
			path = Tabs;
			sourceTree = "<group>";
		};
		83EC08412C6CCA5700836DDF /* Root */ = {
			isa = PBXGroup;
			children = (
				83EC083E2C6CCA5700836DDF /* Screens */,
				83EC08402C6CCA5700836DDF /* Tabs */,
			);
			path = Root;
			sourceTree = "<group>";
		};
		83EC08432C6CCA5700836DDF /* Models */ = {
			isa = PBXGroup;
			children = (
				83EC08422C6CCA5700836DDF /* UserData.swift */,
			);
			path = Models;
			sourceTree = "<group>";
		};
		83EC08452C6CCA5700836DDF /* Screens */ = {
			isa = PBXGroup;
			children = (
				83EC08442C6CCA5700836DDF /* SettingsScreen.swift */,
			);
			path = Screens;
			sourceTree = "<group>";
		};
		83EC08472C6CCA5700836DDF /* ViewModels */ = {
			isa = PBXGroup;
			children = (
				83EC08462C6CCA5700836DDF /* SettingsViewModel.swift */,
			);
			path = ViewModels;
			sourceTree = "<group>";
		};
		83EC08482C6CCA5700836DDF /* Settings */ = {
			isa = PBXGroup;
			children = (
				83EC08432C6CCA5700836DDF /* Models */,
				83EC08452C6CCA5700836DDF /* Screens */,
				83EC08472C6CCA5700836DDF /* ViewModels */,
			);
			path = Settings;
			sourceTree = "<group>";
		};
		83EC08492C6CCA5700836DDF /* Code */ = {
			isa = PBXGroup;
			children = (
				83EC082A2C6CCA5700836DDF /* Common */,
				83EC082F2C6CCA5700836DDF /* Home */,
				83EC083C2C6CCA5700836DDF /* Login */,
				83EC08412C6CCA5700836DDF /* Root */,
				83EC08482C6CCA5700836DDF /* Settings */,
			);
			path = Code;
			sourceTree = "<group>";
		};
		852F8A41F1083075A09D1E90 /* Frameworks */ = {
			isa = PBXGroup;
			children = (
				302A32466B0FA2A7429FA201 /* Pods_TestIOS.framework */,
			);
			name = Frameworks;
			sourceTree = "<group>";
		};
		E70B5B8982F3E465FCFB55FF /* Pods */ = {
			isa = PBXGroup;
			children = (
				727605E7E1C5FA70A9277DA7 /* Pods-TestIOS.debug.xcconfig */,
				EC346BE5AA80DE92ABBF1D8C /* Pods-TestIOS.release.xcconfig */,
			);
			path = Pods;
			sourceTree = "<group>";
		};
/* End PBXGroup section */

/* Begin PBXNativeTarget section */
		83EC07F22C6B7F7300836DDF /* TestIOS */ = {
			isa = PBXNativeTarget;
			buildConfigurationList = 83EC08012C6B7F7400836DDF /* Build configuration list for PBXNativeTarget "TestIOS" */;
			buildPhases = (
				8380255AC54764860257DEF5 /* [CP] Check Pods Manifest.lock */,
				83EC07EF2C6B7F7300836DDF /* Sources */,
				83EC07F02C6B7F7300836DDF /* Frameworks */,
				83EC07F12C6B7F7300836DDF /* Resources */,
				83EC08082C6C9EF300836DDF /* SwiftLint */,
				5D80C90BE23995B763B6ADEF /* [CP] Embed Pods Frameworks */,
			);
			buildRules = (
			);
			dependencies = (
			);
			name = TestIOS;
			productName = TestIOS;
			productReference = 83EC07F32C6B7F7300836DDF /* TestIOS.app */;
			productType = "com.apple.product-type.application";
		};
/* End PBXNativeTarget section */

/* Begin PBXProject section */
		83EC07EB2C6B7F7300836DDF /* Project object */ = {
			isa = PBXProject;
			attributes = {
				BuildIndependentTargetsInParallel = 1;
				LastSwiftUpdateCheck = 1540;
				LastUpgradeCheck = 1540;
				TargetAttributes = {
					83EC07F22C6B7F7300836DDF = {
						CreatedOnToolsVersion = 15.4;
					};
				};
			};
			buildConfigurationList = 83EC07EE2C6B7F7300836DDF /* Build configuration list for PBXProject "TestIOS" */;
			compatibilityVersion = "Xcode 14.0";
			developmentRegion = en;
			hasScannedForEncodings = 0;
			knownRegions = (
				en,
				Base,
			);
			mainGroup = 83EC07EA2C6B7F7300836DDF;
			productRefGroup = 83EC07F42C6B7F7300836DDF /* Products */;
			projectDirPath = "";
			projectRoot = "";
			targets = (
				83EC07F22C6B7F7300836DDF /* TestIOS */,
			);
		};
/* End PBXProject section */

/* Begin PBXResourcesBuildPhase section */
		83EC07F12C6B7F7300836DDF /* Resources */ = {
			isa = PBXResourcesBuildPhase;
			buildActionMask = 2147483647;
			files = (
				83EC07FE2C6B7F7400836DDF /* Preview Assets.xcassets in Resources */,
				83EC08052C6B91F700836DDF /* .gitignore in Resources */,
				83EC08112C6CAF1100836DDF /* Localizable.xcstrings in Resources */,
				83EC08632C6CCDDE00836DDF /* .swiftlint.yml in Resources */,
				83EC08072C6B923C00836DDF /* README.md in Resources */,
				83EC07FB2C6B7F7400836DDF /* AppIcon.xcassets in Resources */,
			);
			runOnlyForDeploymentPostprocessing = 0;
		};
/* End PBXResourcesBuildPhase section */

/* Begin PBXShellScriptBuildPhase section */
		5D80C90BE23995B763B6ADEF /* [CP] Embed Pods Frameworks */ = {
			isa = PBXShellScriptBuildPhase;
			buildActionMask = 2147483647;
			files = (
			);
			inputFileListPaths = (
				"${PODS_ROOT}/Target Support Files/Pods-TestIOS/Pods-TestIOS-frameworks-${CONFIGURATION}-input-files.xcfilelist",
			);
			name = "[CP] Embed Pods Frameworks";
			outputFileListPaths = (
				"${PODS_ROOT}/Target Support Files/Pods-TestIOS/Pods-TestIOS-frameworks-${CONFIGURATION}-output-files.xcfilelist",
			);
			runOnlyForDeploymentPostprocessing = 0;
			shellPath = /bin/sh;
			shellScript = "\"${PODS_ROOT}/Target Support Files/Pods-TestIOS/Pods-TestIOS-frameworks.sh\"\n";
			showEnvVarsInLog = 0;
		};
		8380255AC54764860257DEF5 /* [CP] Check Pods Manifest.lock */ = {
			isa = PBXShellScriptBuildPhase;
			buildActionMask = 2147483647;
			files = (
			);
			inputFileListPaths = (
			);
			inputPaths = (
				"${PODS_PODFILE_DIR_PATH}/Podfile.lock",
				"${PODS_ROOT}/Manifest.lock",
			);
			name = "[CP] Check Pods Manifest.lock";
			outputFileListPaths = (
			);
			outputPaths = (
				"$(DERIVED_FILE_DIR)/Pods-TestIOS-checkManifestLockResult.txt",
			);
			runOnlyForDeploymentPostprocessing = 0;
			shellPath = /bin/sh;
			shellScript = "diff \"${PODS_PODFILE_DIR_PATH}/Podfile.lock\" \"${PODS_ROOT}/Manifest.lock\" > /dev/null\nif [ $? != 0 ] ; then\n    # print error to STDERR\n    echo \"error: The sandbox is not in sync with the Podfile.lock. Run 'pod install' or update your CocoaPods installation.\" >&2\n    exit 1\nfi\n# This output is used by Xcode 'outputs' to avoid re-running this script phase.\necho \"SUCCESS\" > \"${SCRIPT_OUTPUT_FILE_0}\"\n";
			showEnvVarsInLog = 0;
		};
		83EC08082C6C9EF300836DDF /* SwiftLint */ = {
			isa = PBXShellScriptBuildPhase;
			buildActionMask = 2147483647;
			files = (
			);
			inputFileListPaths = (
			);
			inputPaths = (
			);
			name = SwiftLint;
			outputFileListPaths = (
			);
			outputPaths = (
			);
			runOnlyForDeploymentPostprocessing = 0;
			shellPath = /bin/sh;
			shellScript = "\"${PODS_ROOT}/SwiftLint/swiftlint\" --config \"$SRCROOT/TestIOS/Config/.swiftlint.yml\"\n";
		};
/* End PBXShellScriptBuildPhase section */

/* Begin PBXSourcesBuildPhase section */
		83EC07EF2C6B7F7300836DDF /* Sources */ = {
			isa = PBXSourcesBuildPhase;
			buildActionMask = 2147483647;
			files = (
				83EC081B2C6CC98B00836DDF /* Auth.swift in Sources */,
				83EC08542C6CCA5700836DDF /* HomeViewModel.swift in Sources */,
				83EC085D2C6CCA5700836DDF /* RootScreen.swift in Sources */,
				83EC084B2C6CCA5700836DDF /* LabelValueModel.swift in Sources */,
				83EC081C2C6CC98B00836DDF /* NetworkMonitor.swift in Sources */,
				83EC085B2C6CCA5700836DDF /* LoginScreen.swift in Sources */,
				83EC07F92C6B7F7300836DDF /* ContentView.swift in Sources */,
				83EC084D2C6CCA5700836DDF /* ToastModifier.swift in Sources */,
				83EC081D2C6CC98B00836DDF /* Config.swift in Sources */,
				83EC085C2C6CCA5700836DDF /* LoginViewModel.swift in Sources */,
				83EC084A2C6CCA5700836DDF /* LabelToastModel.swift in Sources */,
				83EC08522C6CCA5700836DDF /* RoundedStroke.swift in Sources */,
				83EC084F2C6CCA5700836DDF /* ToastView.swift in Sources */,
				83EC084E2C6CCA5700836DDF /* ToastStyle.swift in Sources */,
				83EC08592C6CCA5700836DDF /* RegisterRequest.swift in Sources */,
				83EC08552C6CCA5700836DDF /* LoginAction.swift in Sources */,
				83EC08572C6CCA5700836DDF /* LoginRequest.swift in Sources */,
				83EC07F72C6B7F7300836DDF /* TestIOSApp.swift in Sources */,
				83EC08612C6CCA5700836DDF /* SettingsViewModel.swift in Sources */,
				83EC084C2C6CCA5700836DDF /* Toast.swift in Sources */,
				83EC08562C6CCA5700836DDF /* RegisterAction.swift in Sources */,
				83EC08532C6CCA5700836DDF /* HomeScreen.swift in Sources */,
				83EC081A2C6CC98B00836DDF /* APIRequest.swift in Sources */,
				83EC085F2C6CCA5700836DDF /* UserData.swift in Sources */,
				83EC085E2C6CCA5700836DDF /* TabsView.swift in Sources */,
				83EC08502C6CCA5700836DDF /* View.swift in Sources */,
				83EC08152C6CC91100836DDF /* APIError.swift in Sources */,
				83EC085A2C6CCA5700836DDF /* RegisterResponse.swift in Sources */,
				83EC08582C6CCA5700836DDF /* LoginResponse.swift in Sources */,
				83EC08602C6CCA5700836DDF /* SettingsScreen.swift in Sources */,
				83EC08512C6CCA5700836DDF /* CustomButton.swift in Sources */,
			);
			runOnlyForDeploymentPostprocessing = 0;
		};
/* End PBXSourcesBuildPhase section */

/* Begin XCBuildConfiguration section */
		83EC07FF2C6B7F7400836DDF /* Debug */ = {
			isa = XCBuildConfiguration;
			baseConfigurationReference = 83EC080D2C6CA50600836DDF /* debug-config.xcconfig */;
			buildSettings = {
				ALWAYS_SEARCH_USER_PATHS = NO;
				ASSETCATALOG_COMPILER_GENERATE_SWIFT_ASSET_SYMBOL_EXTENSIONS = YES;
				CLANG_ANALYZER_NONNULL = YES;
				CLANG_ANALYZER_NUMBER_OBJECT_CONVERSION = YES_AGGRESSIVE;
				CLANG_CXX_LANGUAGE_STANDARD = "gnu++20";
				CLANG_ENABLE_MODULES = YES;
				CLANG_ENABLE_OBJC_ARC = YES;
				CLANG_ENABLE_OBJC_WEAK = YES;
				CLANG_WARN_BLOCK_CAPTURE_AUTORELEASING = YES;
				CLANG_WARN_BOOL_CONVERSION = YES;
				CLANG_WARN_COMMA = YES;
				CLANG_WARN_CONSTANT_CONVERSION = YES;
				CLANG_WARN_DEPRECATED_OBJC_IMPLEMENTATIONS = YES;
				CLANG_WARN_DIRECT_OBJC_ISA_USAGE = YES_ERROR;
				CLANG_WARN_DOCUMENTATION_COMMENTS = YES;
				CLANG_WARN_EMPTY_BODY = YES;
				CLANG_WARN_ENUM_CONVERSION = YES;
				CLANG_WARN_INFINITE_RECURSION = YES;
				CLANG_WARN_INT_CONVERSION = YES;
				CLANG_WARN_NON_LITERAL_NULL_CONVERSION = YES;
				CLANG_WARN_OBJC_IMPLICIT_RETAIN_SELF = YES;
				CLANG_WARN_OBJC_LITERAL_CONVERSION = YES;
				CLANG_WARN_OBJC_ROOT_CLASS = YES_ERROR;
				CLANG_WARN_QUOTED_INCLUDE_IN_FRAMEWORK_HEADER = YES;
				CLANG_WARN_RANGE_LOOP_ANALYSIS = YES;
				CLANG_WARN_STRICT_PROTOTYPES = YES;
				CLANG_WARN_SUSPICIOUS_MOVE = YES;
				CLANG_WARN_UNGUARDED_AVAILABILITY = YES_AGGRESSIVE;
				CLANG_WARN_UNREACHABLE_CODE = YES;
				CLANG_WARN__DUPLICATE_METHOD_MATCH = YES;
				COPY_PHASE_STRIP = NO;
				DEBUG_INFORMATION_FORMAT = dwarf;
				ENABLE_STRICT_OBJC_MSGSEND = YES;
				ENABLE_TESTABILITY = YES;
				ENABLE_USER_SCRIPT_SANDBOXING = NO;
				GCC_C_LANGUAGE_STANDARD = gnu17;
				GCC_DYNAMIC_NO_PIC = NO;
				GCC_NO_COMMON_BLOCKS = YES;
				GCC_OPTIMIZATION_LEVEL = 0;
				GCC_PREPROCESSOR_DEFINITIONS = (
					"DEBUG=1",
					"$(inherited)",
				);
				GCC_WARN_64_TO_32_BIT_CONVERSION = YES;
				GCC_WARN_ABOUT_RETURN_TYPE = YES_ERROR;
				GCC_WARN_UNDECLARED_SELECTOR = YES;
				GCC_WARN_UNINITIALIZED_AUTOS = YES_AGGRESSIVE;
				GCC_WARN_UNUSED_FUNCTION = YES;
				GCC_WARN_UNUSED_VARIABLE = YES;
				IPHONEOS_DEPLOYMENT_TARGET = 17.5;
				LOCALIZATION_PREFERS_STRING_CATALOGS = YES;
				MTL_ENABLE_DEBUG_INFO = INCLUDE_SOURCE;
				MTL_FAST_MATH = YES;
				ONLY_ACTIVE_ARCH = YES;
				SDKROOT = iphoneos;
				SWIFT_ACTIVE_COMPILATION_CONDITIONS = "DEBUG $(inherited)";
				SWIFT_OPTIMIZATION_LEVEL = "-Onone";
			};
			name = Debug;
		};
		83EC08002C6B7F7400836DDF /* Release */ = {
			isa = XCBuildConfiguration;
			baseConfigurationReference = 83EC080E2C6CA51A00836DDF /* release-config.xcconfig */;
			buildSettings = {
				ALWAYS_SEARCH_USER_PATHS = NO;
				ASSETCATALOG_COMPILER_GENERATE_SWIFT_ASSET_SYMBOL_EXTENSIONS = YES;
				CLANG_ANALYZER_NONNULL = YES;
				CLANG_ANALYZER_NUMBER_OBJECT_CONVERSION = YES_AGGRESSIVE;
				CLANG_CXX_LANGUAGE_STANDARD = "gnu++20";
				CLANG_ENABLE_MODULES = YES;
				CLANG_ENABLE_OBJC_ARC = YES;
				CLANG_ENABLE_OBJC_WEAK = YES;
				CLANG_WARN_BLOCK_CAPTURE_AUTORELEASING = YES;
				CLANG_WARN_BOOL_CONVERSION = YES;
				CLANG_WARN_COMMA = YES;
				CLANG_WARN_CONSTANT_CONVERSION = YES;
				CLANG_WARN_DEPRECATED_OBJC_IMPLEMENTATIONS = YES;
				CLANG_WARN_DIRECT_OBJC_ISA_USAGE = YES_ERROR;
				CLANG_WARN_DOCUMENTATION_COMMENTS = YES;
				CLANG_WARN_EMPTY_BODY = YES;
				CLANG_WARN_ENUM_CONVERSION = YES;
				CLANG_WARN_INFINITE_RECURSION = YES;
				CLANG_WARN_INT_CONVERSION = YES;
				CLANG_WARN_NON_LITERAL_NULL_CONVERSION = YES;
				CLANG_WARN_OBJC_IMPLICIT_RETAIN_SELF = YES;
				CLANG_WARN_OBJC_LITERAL_CONVERSION = YES;
				CLANG_WARN_OBJC_ROOT_CLASS = YES_ERROR;
				CLANG_WARN_QUOTED_INCLUDE_IN_FRAMEWORK_HEADER = YES;
				CLANG_WARN_RANGE_LOOP_ANALYSIS = YES;
				CLANG_WARN_STRICT_PROTOTYPES = YES;
				CLANG_WARN_SUSPICIOUS_MOVE = YES;
				CLANG_WARN_UNGUARDED_AVAILABILITY = YES_AGGRESSIVE;
				CLANG_WARN_UNREACHABLE_CODE = YES;
				CLANG_WARN__DUPLICATE_METHOD_MATCH = YES;
				COPY_PHASE_STRIP = NO;
				DEBUG_INFORMATION_FORMAT = "dwarf-with-dsym";
				ENABLE_NS_ASSERTIONS = NO;
				ENABLE_STRICT_OBJC_MSGSEND = YES;
				ENABLE_USER_SCRIPT_SANDBOXING = NO;
				GCC_C_LANGUAGE_STANDARD = gnu17;
				GCC_NO_COMMON_BLOCKS = YES;
				GCC_WARN_64_TO_32_BIT_CONVERSION = YES;
				GCC_WARN_ABOUT_RETURN_TYPE = YES_ERROR;
				GCC_WARN_UNDECLARED_SELECTOR = YES;
				GCC_WARN_UNINITIALIZED_AUTOS = YES_AGGRESSIVE;
				GCC_WARN_UNUSED_FUNCTION = YES;
				GCC_WARN_UNUSED_VARIABLE = YES;
				IPHONEOS_DEPLOYMENT_TARGET = 17.5;
				LOCALIZATION_PREFERS_STRING_CATALOGS = YES;
				MTL_ENABLE_DEBUG_INFO = NO;
				MTL_FAST_MATH = YES;
				SDKROOT = iphoneos;
				SWIFT_COMPILATION_MODE = wholemodule;
				VALIDATE_PRODUCT = YES;
			};
			name = Release;
		};
		83EC08022C6B7F7400836DDF /* Debug */ = {
			isa = XCBuildConfiguration;
			baseConfigurationReference = 727605E7E1C5FA70A9277DA7 /* Pods-TestIOS.debug.xcconfig */;
			buildSettings = {
				ASSETCATALOG_COMPILER_APPICON_NAME = AppIcon;
				ASSETCATALOG_COMPILER_GLOBAL_ACCENT_COLOR_NAME = AccentColor;
				CODE_SIGN_STYLE = Automatic;
				CURRENT_PROJECT_VERSION = 1;
				DEVELOPMENT_ASSET_PATHS = "\"TestIOS/Preview Content\"";
				DEVELOPMENT_TEAM = C392B2YM32;
				ENABLE_PREVIEWS = YES;
				GENERATE_INFOPLIST_FILE = YES;
				INFOPLIST_FILE = TestIOS/Info.plist;
				INFOPLIST_KEY_UIApplicationSceneManifest_Generation = YES;
				INFOPLIST_KEY_UIApplicationSupportsIndirectInputEvents = YES;
				INFOPLIST_KEY_UILaunchScreen_Generation = YES;
				INFOPLIST_KEY_UISupportedInterfaceOrientations_iPad = "UIInterfaceOrientationPortrait UIInterfaceOrientationPortraitUpsideDown UIInterfaceOrientationLandscapeLeft UIInterfaceOrientationLandscapeRight";
				INFOPLIST_KEY_UISupportedInterfaceOrientations_iPhone = "UIInterfaceOrientationPortrait UIInterfaceOrientationLandscapeLeft UIInterfaceOrientationLandscapeRight";
				LD_RUNPATH_SEARCH_PATHS = (
					"$(inherited)",
					"@executable_path/Frameworks",
				);
				MARKETING_VERSION = 1.0;
				PRODUCT_BUNDLE_IDENTIFIER = com.gvvghost.TestIOS;
				PRODUCT_NAME = "$(TARGET_NAME)";
				SWIFT_EMIT_LOC_STRINGS = YES;
				SWIFT_VERSION = 5.0;
				TARGETED_DEVICE_FAMILY = "1,2";
			};
			name = Debug;
		};
		83EC08032C6B7F7400836DDF /* Release */ = {
			isa = XCBuildConfiguration;
			baseConfigurationReference = EC346BE5AA80DE92ABBF1D8C /* Pods-TestIOS.release.xcconfig */;
			buildSettings = {
				ASSETCATALOG_COMPILER_APPICON_NAME = AppIcon;
				ASSETCATALOG_COMPILER_GLOBAL_ACCENT_COLOR_NAME = AccentColor;
				CODE_SIGN_STYLE = Automatic;
				CURRENT_PROJECT_VERSION = 1;
				DEVELOPMENT_ASSET_PATHS = "\"TestIOS/Preview Content\"";
				DEVELOPMENT_TEAM = C392B2YM32;
				ENABLE_PREVIEWS = YES;
				GENERATE_INFOPLIST_FILE = YES;
				INFOPLIST_FILE = TestIOS/Info.plist;
				INFOPLIST_KEY_UIApplicationSceneManifest_Generation = YES;
				INFOPLIST_KEY_UIApplicationSupportsIndirectInputEvents = YES;
				INFOPLIST_KEY_UILaunchScreen_Generation = YES;
				INFOPLIST_KEY_UISupportedInterfaceOrientations_iPad = "UIInterfaceOrientationPortrait UIInterfaceOrientationPortraitUpsideDown UIInterfaceOrientationLandscapeLeft UIInterfaceOrientationLandscapeRight";
				INFOPLIST_KEY_UISupportedInterfaceOrientations_iPhone = "UIInterfaceOrientationPortrait UIInterfaceOrientationLandscapeLeft UIInterfaceOrientationLandscapeRight";
				LD_RUNPATH_SEARCH_PATHS = (
					"$(inherited)",
					"@executable_path/Frameworks",
				);
				MARKETING_VERSION = 1.0;
				PRODUCT_BUNDLE_IDENTIFIER = com.gvvghost.TestIOS;
				PRODUCT_NAME = "$(TARGET_NAME)";
				SWIFT_EMIT_LOC_STRINGS = YES;
				SWIFT_VERSION = 5.0;
				TARGETED_DEVICE_FAMILY = "1,2";
			};
			name = Release;
		};
/* End XCBuildConfiguration section */

/* Begin XCConfigurationList section */
		83EC07EE2C6B7F7300836DDF /* Build configuration list for PBXProject "TestIOS" */ = {
			isa = XCConfigurationList;
			buildConfigurations = (
				83EC07FF2C6B7F7400836DDF /* Debug */,
				83EC08002C6B7F7400836DDF /* Release */,
			);
			defaultConfigurationIsVisible = 0;
			defaultConfigurationName = Release;
		};
		83EC08012C6B7F7400836DDF /* Build configuration list for PBXNativeTarget "TestIOS" */ = {
			isa = XCConfigurationList;
			buildConfigurations = (
				83EC08022C6B7F7400836DDF /* Debug */,
				83EC08032C6B7F7400836DDF /* Release */,
			);
			defaultConfigurationIsVisible = 0;
			defaultConfigurationName = Release;
		};
/* End XCConfigurationList section */
	};
	rootObject = 83EC07EB2C6B7F7300836DDF /* Project object */;
}
